// !$*UTF8*$!
{
	archiveVersion = 1;
	classes = {
	};
	objectVersion = 46;
	objects = {

/* Begin PBXBuildFile section */
		22963F101F23B665002E6A64 /* MyTourViewController.swift in Sources */ = {isa = PBXBuildFile; fileRef = 22963F0F1F23B665002E6A64 /* MyTourViewController.swift */; };
		22963F181F23CD9F002E6A64 /* MapMarker.swift in Sources */ = {isa = PBXBuildFile; fileRef = 22963F171F23CD9F002E6A64 /* MapMarker.swift */; };
		22963F1A1F23CDE5002E6A64 /* TripScheduledEvent.swift in Sources */ = {isa = PBXBuildFile; fileRef = 22963F191F23CDE5002E6A64 /* TripScheduledEvent.swift */; };
		22963F1C1F23CF25002E6A64 /* PlaceDetailsViewController.swift in Sources */ = {isa = PBXBuildFile; fileRef = 22963F1B1F23CF25002E6A64 /* PlaceDetailsViewController.swift */; };
		22E6141D1F2A2A38000B7D50 /* RangeSlider.swift in Sources */ = {isa = PBXBuildFile; fileRef = 22E6141C1F2A2A38000B7D50 /* RangeSlider.swift */; };
		22E6141F1F2A2A40000B7D50 /* RangeSliderThumbLayer.swift in Sources */ = {isa = PBXBuildFile; fileRef = 22E6141E1F2A2A40000B7D50 /* RangeSliderThumbLayer.swift */; };
		22E614211F2A2A47000B7D50 /* RangeSliderTrackLayer.swift in Sources */ = {isa = PBXBuildFile; fileRef = 22E614201F2A2A47000B7D50 /* RangeSliderTrackLayer.swift */; };
		22E614231F2A3B04000B7D50 /* RangeSliderDayMarkerLayer.swift in Sources */ = {isa = PBXBuildFile; fileRef = 22E614221F2A3B04000B7D50 /* RangeSliderDayMarkerLayer.swift */; };
		22E614251F2A5652000B7D50 /* RangeSliderDayMarkerColors.swift in Sources */ = {isa = PBXBuildFile; fileRef = 22E614241F2A5652000B7D50 /* RangeSliderDayMarkerColors.swift */; };
		350F6CE11F36030400B924F8 /* TripsModel.swift in Sources */ = {isa = PBXBuildFile; fileRef = 350F6CE01F36030400B924F8 /* TripsModel.swift */; };
		350F6CE31F3604CA00B924F8 /* DataLoader.swift in Sources */ = {isa = PBXBuildFile; fileRef = 350F6CE21F3604CA00B924F8 /* DataLoader.swift */; };
		350F6CE61F361D0700B924F8 /* LoadingViewController.swift in Sources */ = {isa = PBXBuildFile; fileRef = 350F6CE51F361D0700B924F8 /* LoadingViewController.swift */; };
		3582B79F1F22AA4900827A98 /* UserVO.swift in Sources */ = {isa = PBXBuildFile; fileRef = 3582B79E1F22AA4900827A98 /* UserVO.swift */; };
		3582B7A11F22AB9600827A98 /* TripVO.swift in Sources */ = {isa = PBXBuildFile; fileRef = 3582B7A01F22AB9600827A98 /* TripVO.swift */; };
		3582B7A31F22AC2B00827A98 /* PlaceVO.swift in Sources */ = {isa = PBXBuildFile; fileRef = 3582B7A21F22AC2B00827A98 /* PlaceVO.swift */; };
		3582B7A51F22ADE300827A98 /* PlaceCoordsVO.swift in Sources */ = {isa = PBXBuildFile; fileRef = 3582B7A41F22ADE300827A98 /* PlaceCoordsVO.swift */; };
		359222331F224F4200C64D6C /* AppDelegate.swift in Sources */ = {isa = PBXBuildFile; fileRef = 359222321F224F4200C64D6C /* AppDelegate.swift */; };
		359222351F224F4200C64D6C /* ViewController.swift in Sources */ = {isa = PBXBuildFile; fileRef = 359222341F224F4200C64D6C /* ViewController.swift */; };
		359222381F224F4200C64D6C /* Main.storyboard in Resources */ = {isa = PBXBuildFile; fileRef = 359222361F224F4200C64D6C /* Main.storyboard */; };
		3592223A1F224F4200C64D6C /* Assets.xcassets in Resources */ = {isa = PBXBuildFile; fileRef = 359222391F224F4200C64D6C /* Assets.xcassets */; };
		3592223D1F224F4200C64D6C /* LaunchScreen.storyboard in Resources */ = {isa = PBXBuildFile; fileRef = 3592223B1F224F4200C64D6C /* LaunchScreen.storyboard */; };
		35BC4F5A1F2DF6850039749B /* TripsViewController.swift in Sources */ = {isa = PBXBuildFile; fileRef = 35BC4F591F2DF6850039749B /* TripsViewController.swift */; };
		35BC4F5D1F2E777D0039749B /* TripTableViewCell.swift in Sources */ = {isa = PBXBuildFile; fileRef = 35BC4F5C1F2E777D0039749B /* TripTableViewCell.swift */; };
		35BC4F5F1F2E93130039749B /* DetailWebViewController.swift in Sources */ = {isa = PBXBuildFile; fileRef = 35BC4F5E1F2E93130039749B /* DetailWebViewController.swift */; };
		B797F56FCF4E74EE584CCCAC /* Pods_DeindeApp.framework in Frameworks */ = {isa = PBXBuildFile; fileRef = 6B00ACE1A14FE425CC3934CD /* Pods_DeindeApp.framework */; };
		C147BCDE1F32566700A17760 /* Proxima Nova Black Italic.otf in Resources */ = {isa = PBXBuildFile; fileRef = C147BCCC1F3254EA00A17760 /* Proxima Nova Black Italic.otf */; };
		C147BCDF1F32566700A17760 /* Proxima Nova Bold Italic.otf in Resources */ = {isa = PBXBuildFile; fileRef = C147BCCD1F3254EA00A17760 /* Proxima Nova Bold Italic.otf */; };
		C147BCE01F32566700A17760 /* Proxima Nova Extrabold Italic.otf in Resources */ = {isa = PBXBuildFile; fileRef = C147BCCE1F3254EA00A17760 /* Proxima Nova Extrabold Italic.otf */; };
		C147BCE11F32566700A17760 /* Proxima Nova Extrabold.otf in Resources */ = {isa = PBXBuildFile; fileRef = C147BCCF1F3254EA00A17760 /* Proxima Nova Extrabold.otf */; };
		C147BCE21F32566700A17760 /* Proxima Nova Semibold Italic.otf in Resources */ = {isa = PBXBuildFile; fileRef = C147BCD01F3254EA00A17760 /* Proxima Nova Semibold Italic.otf */; };
		C147BCE31F32566700A17760 /* Proxima Nova Semibold.otf in Resources */ = {isa = PBXBuildFile; fileRef = C147BCD11F3254EA00A17760 /* Proxima Nova Semibold.otf */; };
		C147BCE41F32566700A17760 /* Proxima Nova Thin Italic.otf in Resources */ = {isa = PBXBuildFile; fileRef = C147BCD21F3254EA00A17760 /* Proxima Nova Thin Italic.otf */; };
		C147BCE51F32566700A17760 /* Proxima Nova Thin.otf in Resources */ = {isa = PBXBuildFile; fileRef = C147BCD31F3254EA00A17760 /* Proxima Nova Thin.otf */; };
		C147BCE61F32566700A17760 /* ProximaNova-Black.otf in Resources */ = {isa = PBXBuildFile; fileRef = C147BCD41F3254EA00A17760 /* ProximaNova-Black.otf */; };
		C147BCE71F32566700A17760 /* ProximaNova-Bold.otf in Resources */ = {isa = PBXBuildFile; fileRef = C147BCD51F3254EA00A17760 /* ProximaNova-Bold.otf */; };
		C147BCE81F32566700A17760 /* ProximaNova-BoldIt.otf in Resources */ = {isa = PBXBuildFile; fileRef = C147BCD61F3254EA00A17760 /* ProximaNova-BoldIt.otf */; };
		C147BCE91F32566700A17760 /* ProximaNova-Light.otf in Resources */ = {isa = PBXBuildFile; fileRef = C147BCD71F3254EA00A17760 /* ProximaNova-Light.otf */; };
		C147BCEA1F32566700A17760 /* ProximaNova-LightIt.otf in Resources */ = {isa = PBXBuildFile; fileRef = C147BCD81F3254EA00A17760 /* ProximaNova-LightIt.otf */; };
		C147BCEB1F32566700A17760 /* ProximaNova-Reg.otf in Resources */ = {isa = PBXBuildFile; fileRef = C147BCD91F3254EA00A17760 /* ProximaNova-Reg.otf */; };
		C147BCEC1F32566700A17760 /* ProximaNova-RegIt.otf in Resources */ = {isa = PBXBuildFile; fileRef = C147BCDA1F3254EA00A17760 /* ProximaNova-RegIt.otf */; };
		C147BCED1F32566700A17760 /* ProximaNova-Regular.otf in Resources */ = {isa = PBXBuildFile; fileRef = C147BCDB1F3254EA00A17760 /* ProximaNova-Regular.otf */; };
		C147BCEE1F32566700A17760 /* ProximaNova-Xbold.otf in Resources */ = {isa = PBXBuildFile; fileRef = C147BCDC1F3254EA00A17760 /* ProximaNova-Xbold.otf */; };
		C147BCEF1F32566700A17760 /* Mark Simonson - Proxima Nova Bold.otf in Resources */ = {isa = PBXBuildFile; fileRef = C147BCDD1F3254EA00A17760 /* Mark Simonson - Proxima Nova Bold.otf */; };
		C147BCF21F32606C00A17760 /* ProfileViewController.swift in Sources */ = {isa = PBXBuildFile; fileRef = C147BCF11F32606C00A17760 /* ProfileViewController.swift */; };
/* End PBXBuildFile section */

/* Begin PBXFileReference section */
		22963F0F1F23B665002E6A64 /* MyTourViewController.swift */ = {isa = PBXFileReference; fileEncoding = 4; lastKnownFileType = sourcecode.swift; path = MyTourViewController.swift; sourceTree = "<group>"; };
		22963F171F23CD9F002E6A64 /* MapMarker.swift */ = {isa = PBXFileReference; fileEncoding = 4; lastKnownFileType = sourcecode.swift; path = MapMarker.swift; sourceTree = "<group>"; };
		22963F191F23CDE5002E6A64 /* TripScheduledEvent.swift */ = {isa = PBXFileReference; fileEncoding = 4; lastKnownFileType = sourcecode.swift; path = TripScheduledEvent.swift; sourceTree = "<group>"; };
		22963F1B1F23CF25002E6A64 /* PlaceDetailsViewController.swift */ = {isa = PBXFileReference; fileEncoding = 4; lastKnownFileType = sourcecode.swift; path = PlaceDetailsViewController.swift; sourceTree = "<group>"; };
		22E6141C1F2A2A38000B7D50 /* RangeSlider.swift */ = {isa = PBXFileReference; fileEncoding = 4; lastKnownFileType = sourcecode.swift; path = RangeSlider.swift; sourceTree = "<group>"; };
		22E6141E1F2A2A40000B7D50 /* RangeSliderThumbLayer.swift */ = {isa = PBXFileReference; fileEncoding = 4; lastKnownFileType = sourcecode.swift; path = RangeSliderThumbLayer.swift; sourceTree = "<group>"; };
		22E614201F2A2A47000B7D50 /* RangeSliderTrackLayer.swift */ = {isa = PBXFileReference; fileEncoding = 4; lastKnownFileType = sourcecode.swift; path = RangeSliderTrackLayer.swift; sourceTree = "<group>"; };
		22E614221F2A3B04000B7D50 /* RangeSliderDayMarkerLayer.swift */ = {isa = PBXFileReference; fileEncoding = 4; lastKnownFileType = sourcecode.swift; path = RangeSliderDayMarkerLayer.swift; sourceTree = "<group>"; };
		22E614241F2A5652000B7D50 /* RangeSliderDayMarkerColors.swift */ = {isa = PBXFileReference; fileEncoding = 4; lastKnownFileType = sourcecode.swift; path = RangeSliderDayMarkerColors.swift; sourceTree = "<group>"; };
		350F6CE01F36030400B924F8 /* TripsModel.swift */ = {isa = PBXFileReference; fileEncoding = 4; lastKnownFileType = sourcecode.swift; path = TripsModel.swift; sourceTree = "<group>"; };
		350F6CE21F3604CA00B924F8 /* DataLoader.swift */ = {isa = PBXFileReference; fileEncoding = 4; lastKnownFileType = sourcecode.swift; path = DataLoader.swift; sourceTree = "<group>"; };
		350F6CE51F361D0700B924F8 /* LoadingViewController.swift */ = {isa = PBXFileReference; fileEncoding = 4; lastKnownFileType = sourcecode.swift; path = LoadingViewController.swift; sourceTree = "<group>"; };
		3582B79E1F22AA4900827A98 /* UserVO.swift */ = {isa = PBXFileReference; fileEncoding = 4; lastKnownFileType = sourcecode.swift; path = UserVO.swift; sourceTree = "<group>"; };
		3582B7A01F22AB9600827A98 /* TripVO.swift */ = {isa = PBXFileReference; fileEncoding = 4; lastKnownFileType = sourcecode.swift; path = TripVO.swift; sourceTree = "<group>"; };
		3582B7A21F22AC2B00827A98 /* PlaceVO.swift */ = {isa = PBXFileReference; fileEncoding = 4; lastKnownFileType = sourcecode.swift; path = PlaceVO.swift; sourceTree = "<group>"; };
		3582B7A41F22ADE300827A98 /* PlaceCoordsVO.swift */ = {isa = PBXFileReference; fileEncoding = 4; lastKnownFileType = sourcecode.swift; path = PlaceCoordsVO.swift; sourceTree = "<group>"; };
		3592222F1F224F4200C64D6C /* DeindeApp.app */ = {isa = PBXFileReference; explicitFileType = wrapper.application; includeInIndex = 0; path = DeindeApp.app; sourceTree = BUILT_PRODUCTS_DIR; };
		359222321F224F4200C64D6C /* AppDelegate.swift */ = {isa = PBXFileReference; lastKnownFileType = sourcecode.swift; name = AppDelegate.swift; path = DeindeApp/AppDelegate.swift; sourceTree = "<group>"; };
		359222341F224F4200C64D6C /* ViewController.swift */ = {isa = PBXFileReference; lastKnownFileType = sourcecode.swift; path = ViewController.swift; sourceTree = "<group>"; };
		359222371F224F4200C64D6C /* Base */ = {isa = PBXFileReference; lastKnownFileType = file.storyboard; name = Base; path = Base.lproj/Main.storyboard; sourceTree = "<group>"; };
		359222391F224F4200C64D6C /* Assets.xcassets */ = {isa = PBXFileReference; lastKnownFileType = folder.assetcatalog; name = Assets.xcassets; path = DeindeApp/Assets.xcassets; sourceTree = "<group>"; };
		3592223C1F224F4200C64D6C /* Base */ = {isa = PBXFileReference; lastKnownFileType = file.storyboard; name = Base; path = Base.lproj/LaunchScreen.storyboard; sourceTree = "<group>"; };
		3592223E1F224F4200C64D6C /* Info.plist */ = {isa = PBXFileReference; lastKnownFileType = text.plist.xml; name = Info.plist; path = DeindeApp/Info.plist; sourceTree = "<group>"; };
		35BC4F591F2DF6850039749B /* TripsViewController.swift */ = {isa = PBXFileReference; fileEncoding = 4; lastKnownFileType = sourcecode.swift; path = TripsViewController.swift; sourceTree = "<group>"; };
		35BC4F5C1F2E777D0039749B /* TripTableViewCell.swift */ = {isa = PBXFileReference; fileEncoding = 4; lastKnownFileType = sourcecode.swift; path = TripTableViewCell.swift; sourceTree = "<group>"; };
		35BC4F5E1F2E93130039749B /* DetailWebViewController.swift */ = {isa = PBXFileReference; fileEncoding = 4; lastKnownFileType = sourcecode.swift; path = DetailWebViewController.swift; sourceTree = "<group>"; };
		6B00ACE1A14FE425CC3934CD /* Pods_DeindeApp.framework */ = {isa = PBXFileReference; explicitFileType = wrapper.framework; includeInIndex = 0; path = Pods_DeindeApp.framework; sourceTree = BUILT_PRODUCTS_DIR; };
		934039572AB9FB34940901B6 /* Pods-DeindeApp.debug.xcconfig */ = {isa = PBXFileReference; includeInIndex = 1; lastKnownFileType = text.xcconfig; name = "Pods-DeindeApp.debug.xcconfig"; path = "Pods/Target Support Files/Pods-DeindeApp/Pods-DeindeApp.debug.xcconfig"; sourceTree = "<group>"; };
		C147BCCC1F3254EA00A17760 /* Proxima Nova Black Italic.otf */ = {isa = PBXFileReference; lastKnownFileType = file; path = "Proxima Nova Black Italic.otf"; sourceTree = "<group>"; };
		C147BCCD1F3254EA00A17760 /* Proxima Nova Bold Italic.otf */ = {isa = PBXFileReference; lastKnownFileType = file; path = "Proxima Nova Bold Italic.otf"; sourceTree = "<group>"; };
		C147BCCE1F3254EA00A17760 /* Proxima Nova Extrabold Italic.otf */ = {isa = PBXFileReference; lastKnownFileType = file; path = "Proxima Nova Extrabold Italic.otf"; sourceTree = "<group>"; };
		C147BCCF1F3254EA00A17760 /* Proxima Nova Extrabold.otf */ = {isa = PBXFileReference; lastKnownFileType = file; path = "Proxima Nova Extrabold.otf"; sourceTree = "<group>"; };
		C147BCD01F3254EA00A17760 /* Proxima Nova Semibold Italic.otf */ = {isa = PBXFileReference; lastKnownFileType = file; path = "Proxima Nova Semibold Italic.otf"; sourceTree = "<group>"; };
		C147BCD11F3254EA00A17760 /* Proxima Nova Semibold.otf */ = {isa = PBXFileReference; lastKnownFileType = file; path = "Proxima Nova Semibold.otf"; sourceTree = "<group>"; };
		C147BCD21F3254EA00A17760 /* Proxima Nova Thin Italic.otf */ = {isa = PBXFileReference; lastKnownFileType = file; path = "Proxima Nova Thin Italic.otf"; sourceTree = "<group>"; };
		C147BCD31F3254EA00A17760 /* Proxima Nova Thin.otf */ = {isa = PBXFileReference; lastKnownFileType = file; path = "Proxima Nova Thin.otf"; sourceTree = "<group>"; };
		C147BCD41F3254EA00A17760 /* ProximaNova-Black.otf */ = {isa = PBXFileReference; lastKnownFileType = file; path = "ProximaNova-Black.otf"; sourceTree = "<group>"; };
		C147BCD51F3254EA00A17760 /* ProximaNova-Bold.otf */ = {isa = PBXFileReference; lastKnownFileType = file; path = "ProximaNova-Bold.otf"; sourceTree = "<group>"; };
		C147BCD61F3254EA00A17760 /* ProximaNova-BoldIt.otf */ = {isa = PBXFileReference; lastKnownFileType = file; path = "ProximaNova-BoldIt.otf"; sourceTree = "<group>"; };
		C147BCD71F3254EA00A17760 /* ProximaNova-Light.otf */ = {isa = PBXFileReference; lastKnownFileType = file; path = "ProximaNova-Light.otf"; sourceTree = "<group>"; };
		C147BCD81F3254EA00A17760 /* ProximaNova-LightIt.otf */ = {isa = PBXFileReference; lastKnownFileType = file; path = "ProximaNova-LightIt.otf"; sourceTree = "<group>"; };
		C147BCD91F3254EA00A17760 /* ProximaNova-Reg.otf */ = {isa = PBXFileReference; lastKnownFileType = file; path = "ProximaNova-Reg.otf"; sourceTree = "<group>"; };
		C147BCDA1F3254EA00A17760 /* ProximaNova-RegIt.otf */ = {isa = PBXFileReference; lastKnownFileType = file; path = "ProximaNova-RegIt.otf"; sourceTree = "<group>"; };
		C147BCDB1F3254EA00A17760 /* ProximaNova-Regular.otf */ = {isa = PBXFileReference; lastKnownFileType = file; path = "ProximaNova-Regular.otf"; sourceTree = "<group>"; };
		C147BCDC1F3254EA00A17760 /* ProximaNova-Xbold.otf */ = {isa = PBXFileReference; lastKnownFileType = file; path = "ProximaNova-Xbold.otf"; sourceTree = "<group>"; };
		C147BCDD1F3254EA00A17760 /* Mark Simonson - Proxima Nova Bold.otf */ = {isa = PBXFileReference; lastKnownFileType = file; path = "Mark Simonson - Proxima Nova Bold.otf"; sourceTree = "<group>"; };
		C147BCF11F32606C00A17760 /* ProfileViewController.swift */ = {isa = PBXFileReference; fileEncoding = 4; lastKnownFileType = sourcecode.swift; path = ProfileViewController.swift; sourceTree = "<group>"; };
		F482B0F36CB433A3219B78C7 /* Pods-DeindeApp.release.xcconfig */ = {isa = PBXFileReference; includeInIndex = 1; lastKnownFileType = text.xcconfig; name = "Pods-DeindeApp.release.xcconfig"; path = "Pods/Target Support Files/Pods-DeindeApp/Pods-DeindeApp.release.xcconfig"; sourceTree = "<group>"; };
/* End PBXFileReference section */

/* Begin PBXFrameworksBuildPhase section */
		3592222C1F224F4200C64D6C /* Frameworks */ = {
			isa = PBXFrameworksBuildPhase;
			buildActionMask = 2147483647;
			files = (
				B797F56FCF4E74EE584CCCAC /* Pods_DeindeApp.framework in Frameworks */,
			);
			runOnlyForDeploymentPostprocessing = 0;
		};
/* End PBXFrameworksBuildPhase section */

/* Begin PBXGroup section */
		22963F161F23CD7C002E6A64 /* Map */ = {
			isa = PBXGroup;
			children = (
				22E6141B1F2A2938000B7D50 /* RangeSlider */,
				22963F171F23CD9F002E6A64 /* MapMarker.swift */,
				22963F191F23CDE5002E6A64 /* TripScheduledEvent.swift */,
			);
			path = Map;
			sourceTree = "<group>";
		};
		22E6141B1F2A2938000B7D50 /* RangeSlider */ = {
			isa = PBXGroup;
			children = (
				22E6141C1F2A2A38000B7D50 /* RangeSlider.swift */,
				22E6141E1F2A2A40000B7D50 /* RangeSliderThumbLayer.swift */,
				22E614201F2A2A47000B7D50 /* RangeSliderTrackLayer.swift */,
				22E614221F2A3B04000B7D50 /* RangeSliderDayMarkerLayer.swift */,
				22E614241F2A5652000B7D50 /* RangeSliderDayMarkerColors.swift */,
			);
			path = RangeSlider;
			sourceTree = "<group>";
		};
		2FB406D5F3255BC366291689 /* Pods */ = {
			isa = PBXGroup;
			children = (
				934039572AB9FB34940901B6 /* Pods-DeindeApp.debug.xcconfig */,
				F482B0F36CB433A3219B78C7 /* Pods-DeindeApp.release.xcconfig */,
			);
			name = Pods;
			sourceTree = "<group>";
		};
		350F6CDF1F3602E700B924F8 /* Models */ = {
			isa = PBXGroup;
			children = (
				350F6CE01F36030400B924F8 /* TripsModel.swift */,
			);
			name = Models;
			path = "View Controllers";
			sourceTree = "<group>";
		};
		350F6CE41F361CA600B924F8 /* LoadingViewController */ = {
			isa = PBXGroup;
			children = (
				350F6CE51F361D0700B924F8 /* LoadingViewController.swift */,
			);
			name = LoadingViewController;
			sourceTree = "<group>";
		};
		350F6CE71F36261A00B924F8 /* VO */ = {
			isa = PBXGroup;
			children = (
				3582B79E1F22AA4900827A98 /* UserVO.swift */,
				3582B7A21F22AC2B00827A98 /* PlaceVO.swift */,
				3582B7A01F22AB9600827A98 /* TripVO.swift */,
				3582B7A41F22ADE300827A98 /* PlaceCoordsVO.swift */,
			);
			name = VO;
			sourceTree = "<group>";
		};
		3582B7981F22A1FF00827A98 /* Supporting Files */ = {
			isa = PBXGroup;
			children = (
				C147BCCB1F3254CD00A17760 /* Fonts */,
				359222321F224F4200C64D6C /* AppDelegate.swift */,
				359222391F224F4200C64D6C /* Assets.xcassets */,
				3592223B1F224F4200C64D6C /* LaunchScreen.storyboard */,
				3592223E1F224F4200C64D6C /* Info.plist */,
			);
			name = "Supporting Files";
			path = ..;
			sourceTree = "<group>";
		};
		3582B79A1F22A67800827A98 /* Backend */ = {
			isa = PBXGroup;
			children = (
				350F6CE71F36261A00B924F8 /* VO */,
				350F6CE21F3604CA00B924F8 /* DataLoader.swift */,
			);
			path = Backend;
			sourceTree = "<group>";
		};
		3582B79B1F22A71900827A98 /* View Controllers */ = {
			isa = PBXGroup;
			children = (
				350F6CE41F361CA600B924F8 /* LoadingViewController */,
				C147BCF01F325FF600A17760 /* ProfileViewController */,
				35BC4F5B1F2E77190039749B /* TripsViewController */,
				359222341F224F4200C64D6C /* ViewController.swift */,
				35BC4F5E1F2E93130039749B /* DetailWebViewController.swift */,
				22963F0F1F23B665002E6A64 /* MyTourViewController.swift */,
				22963F1B1F23CF25002E6A64 /* PlaceDetailsViewController.swift */,
				22963F161F23CD7C002E6A64 /* Map */,
			);
			path = "View Controllers";
			sourceTree = "<group>";
		};
		359222261F224F4200C64D6C = {
			isa = PBXGroup;
			children = (
				359222311F224F4200C64D6C /* DeindeApp */,
				359222361F224F4200C64D6C /* Main.storyboard */,
				359222301F224F4200C64D6C /* Products */,
				2FB406D5F3255BC366291689 /* Pods */,
				F62318C12F3D5B2E326019F7 /* Frameworks */,
			);
			sourceTree = "<group>";
		};
		359222301F224F4200C64D6C /* Products */ = {
			isa = PBXGroup;
			children = (
				3592222F1F224F4200C64D6C /* DeindeApp.app */,
			);
			name = Products;
			sourceTree = "<group>";
		};
		359222311F224F4200C64D6C /* DeindeApp */ = {
			isa = PBXGroup;
			children = (
				350F6CDF1F3602E700B924F8 /* Models */,
				3582B79B1F22A71900827A98 /* View Controllers */,
				3582B79A1F22A67800827A98 /* Backend */,
				3582B7981F22A1FF00827A98 /* Supporting Files */,
			);
			path = DeindeApp;
			sourceTree = "<group>";
		};
		35BC4F5B1F2E77190039749B /* TripsViewController */ = {
			isa = PBXGroup;
			children = (
				35BC4F591F2DF6850039749B /* TripsViewController.swift */,
				35BC4F5C1F2E777D0039749B /* TripTableViewCell.swift */,
			);
			name = TripsViewController;
			sourceTree = "<group>";
		};
		C147BCCB1F3254CD00A17760 /* Fonts */ = {
			isa = PBXGroup;
			children = (
				C147BCCC1F3254EA00A17760 /* Proxima Nova Black Italic.otf */,
				C147BCCD1F3254EA00A17760 /* Proxima Nova Bold Italic.otf */,
				C147BCCE1F3254EA00A17760 /* Proxima Nova Extrabold Italic.otf */,
				C147BCCF1F3254EA00A17760 /* Proxima Nova Extrabold.otf */,
				C147BCD01F3254EA00A17760 /* Proxima Nova Semibold Italic.otf */,
				C147BCD11F3254EA00A17760 /* Proxima Nova Semibold.otf */,
				C147BCD21F3254EA00A17760 /* Proxima Nova Thin Italic.otf */,
				C147BCD31F3254EA00A17760 /* Proxima Nova Thin.otf */,
				C147BCD41F3254EA00A17760 /* ProximaNova-Black.otf */,
				C147BCD51F3254EA00A17760 /* ProximaNova-Bold.otf */,
				C147BCD61F3254EA00A17760 /* ProximaNova-BoldIt.otf */,
				C147BCD71F3254EA00A17760 /* ProximaNova-Light.otf */,
				C147BCD81F3254EA00A17760 /* ProximaNova-LightIt.otf */,
				C147BCD91F3254EA00A17760 /* ProximaNova-Reg.otf */,
				C147BCDA1F3254EA00A17760 /* ProximaNova-RegIt.otf */,
				C147BCDB1F3254EA00A17760 /* ProximaNova-Regular.otf */,
				C147BCDC1F3254EA00A17760 /* ProximaNova-Xbold.otf */,
				C147BCDD1F3254EA00A17760 /* Mark Simonson - Proxima Nova Bold.otf */,
			);
			name = Fonts;
			sourceTree = "<group>";
		};
		C147BCF01F325FF600A17760 /* ProfileViewController */ = {
			isa = PBXGroup;
			children = (
				C147BCF11F32606C00A17760 /* ProfileViewController.swift */,
			);
			name = ProfileViewController;
			sourceTree = "<group>";
		};
		F62318C12F3D5B2E326019F7 /* Frameworks */ = {
			isa = PBXGroup;
			children = (
				6B00ACE1A14FE425CC3934CD /* Pods_DeindeApp.framework */,
			);
			name = Frameworks;
			sourceTree = "<group>";
		};
/* End PBXGroup section */

/* Begin PBXNativeTarget section */
		3592222E1F224F4200C64D6C /* DeindeApp */ = {
			isa = PBXNativeTarget;
			buildConfigurationList = 359222411F224F4200C64D6C /* Build configuration list for PBXNativeTarget "DeindeApp" */;
			buildPhases = (
				CF25744BF56292ACA27ACB25 /* [CP] Check Pods Manifest.lock */,
				3592222B1F224F4200C64D6C /* Sources */,
				3592222C1F224F4200C64D6C /* Frameworks */,
				3592222D1F224F4200C64D6C /* Resources */,
				60759FD747C265EDE9643A72 /* [CP] Embed Pods Frameworks */,
				81766375938C3EE52042AB79 /* [CP] Copy Pods Resources */,
			);
			buildRules = (
			);
			dependencies = (
			);
			name = DeindeApp;
			productName = DeindeApp;
			productReference = 3592222F1F224F4200C64D6C /* DeindeApp.app */;
			productType = "com.apple.product-type.application";
		};
/* End PBXNativeTarget section */

/* Begin PBXProject section */
		359222271F224F4200C64D6C /* Project object */ = {
			isa = PBXProject;
			attributes = {
				LastSwiftUpdateCheck = 0830;
				LastUpgradeCheck = 0830;
				ORGANIZATIONNAME = "Andrey Krit";
				TargetAttributes = {
					3592222E1F224F4200C64D6C = {
						CreatedOnToolsVersion = 8.3.3;
						DevelopmentTeam = 3398483R66;
						ProvisioningStyle = Automatic;
					};
				};
			};
			buildConfigurationList = 3592222A1F224F4200C64D6C /* Build configuration list for PBXProject "DeindeApp" */;
			compatibilityVersion = "Xcode 3.2";
			developmentRegion = English;
			hasScannedForEncodings = 0;
			knownRegions = (
				en,
				Base,
			);
			mainGroup = 359222261F224F4200C64D6C;
			productRefGroup = 359222301F224F4200C64D6C /* Products */;
			projectDirPath = "";
			projectRoot = "";
			targets = (
				3592222E1F224F4200C64D6C /* DeindeApp */,
			);
		};
/* End PBXProject section */

/* Begin PBXResourcesBuildPhase section */
		3592222D1F224F4200C64D6C /* Resources */ = {
			isa = PBXResourcesBuildPhase;
			buildActionMask = 2147483647;
			files = (
				C147BCDE1F32566700A17760 /* Proxima Nova Black Italic.otf in Resources */,
				C147BCDF1F32566700A17760 /* Proxima Nova Bold Italic.otf in Resources */,
				C147BCE01F32566700A17760 /* Proxima Nova Extrabold Italic.otf in Resources */,
				C147BCE11F32566700A17760 /* Proxima Nova Extrabold.otf in Resources */,
				C147BCE21F32566700A17760 /* Proxima Nova Semibold Italic.otf in Resources */,
				C147BCE31F32566700A17760 /* Proxima Nova Semibold.otf in Resources */,
				C147BCE41F32566700A17760 /* Proxima Nova Thin Italic.otf in Resources */,
				C147BCE51F32566700A17760 /* Proxima Nova Thin.otf in Resources */,
				C147BCE61F32566700A17760 /* ProximaNova-Black.otf in Resources */,
				C147BCE71F32566700A17760 /* ProximaNova-Bold.otf in Resources */,
				C147BCE81F32566700A17760 /* ProximaNova-BoldIt.otf in Resources */,
				C147BCE91F32566700A17760 /* ProximaNova-Light.otf in Resources */,
				C147BCEA1F32566700A17760 /* ProximaNova-LightIt.otf in Resources */,
				C147BCEB1F32566700A17760 /* ProximaNova-Reg.otf in Resources */,
				C147BCEC1F32566700A17760 /* ProximaNova-RegIt.otf in Resources */,
				C147BCED1F32566700A17760 /* ProximaNova-Regular.otf in Resources */,
				C147BCEE1F32566700A17760 /* ProximaNova-Xbold.otf in Resources */,
				C147BCEF1F32566700A17760 /* Mark Simonson - Proxima Nova Bold.otf in Resources */,
				3592223D1F224F4200C64D6C /* LaunchScreen.storyboard in Resources */,
				3592223A1F224F4200C64D6C /* Assets.xcassets in Resources */,
				359222381F224F4200C64D6C /* Main.storyboard in Resources */,
			);
			runOnlyForDeploymentPostprocessing = 0;
		};
/* End PBXResourcesBuildPhase section */

/* Begin PBXShellScriptBuildPhase section */
		60759FD747C265EDE9643A72 /* [CP] Embed Pods Frameworks */ = {
			isa = PBXShellScriptBuildPhase;
			buildActionMask = 2147483647;
			files = (
			);
			inputPaths = (
			);
			name = "[CP] Embed Pods Frameworks";
			outputPaths = (
			);
			runOnlyForDeploymentPostprocessing = 0;
			shellPath = /bin/sh;
			shellScript = "\"${SRCROOT}/Pods/Target Support Files/Pods-DeindeApp/Pods-DeindeApp-frameworks.sh\"\n";
			showEnvVarsInLog = 0;
		};
		81766375938C3EE52042AB79 /* [CP] Copy Pods Resources */ = {
			isa = PBXShellScriptBuildPhase;
			buildActionMask = 2147483647;
			files = (
			);
			inputPaths = (
			);
			name = "[CP] Copy Pods Resources";
			outputPaths = (
			);
			runOnlyForDeploymentPostprocessing = 0;
			shellPath = /bin/sh;
			shellScript = "\"${SRCROOT}/Pods/Target Support Files/Pods-DeindeApp/Pods-DeindeApp-resources.sh\"\n";
			showEnvVarsInLog = 0;
		};
		CF25744BF56292ACA27ACB25 /* [CP] Check Pods Manifest.lock */ = {
			isa = PBXShellScriptBuildPhase;
			buildActionMask = 2147483647;
			files = (
			);
			inputPaths = (
			);
			name = "[CP] Check Pods Manifest.lock";
			outputPaths = (
			);
			runOnlyForDeploymentPostprocessing = 0;
			shellPath = /bin/sh;
			shellScript = "diff \"${PODS_PODFILE_DIR_PATH}/Podfile.lock\" \"${PODS_ROOT}/Manifest.lock\" > /dev/null\nif [ $? != 0 ] ; then\n    # print error to STDERR\n    echo \"error: The sandbox is not in sync with the Podfile.lock. Run 'pod install' or update your CocoaPods installation.\" >&2\n    exit 1\nfi\n";
			showEnvVarsInLog = 0;
		};
/* End PBXShellScriptBuildPhase section */

/* Begin PBXSourcesBuildPhase section */
		3592222B1F224F4200C64D6C /* Sources */ = {
			isa = PBXSourcesBuildPhase;
			buildActionMask = 2147483647;
			files = (
				22963F101F23B665002E6A64 /* MyTourViewController.swift in Sources */,
				359222351F224F4200C64D6C /* ViewController.swift in Sources */,
				350F6CE31F3604CA00B924F8 /* DataLoader.swift in Sources */,
				22963F181F23CD9F002E6A64 /* MapMarker.swift in Sources */,
				22E614231F2A3B04000B7D50 /* RangeSliderDayMarkerLayer.swift in Sources */,
				3582B79F1F22AA4900827A98 /* UserVO.swift in Sources */,
				22E614251F2A5652000B7D50 /* RangeSliderDayMarkerColors.swift in Sources */,
				22E614211F2A2A47000B7D50 /* RangeSliderTrackLayer.swift in Sources */,
				35BC4F5D1F2E777D0039749B /* TripTableViewCell.swift in Sources */,
				359222331F224F4200C64D6C /* AppDelegate.swift in Sources */,
				C147BCF21F32606C00A17760 /* ProfileViewController.swift in Sources */,
				22E6141D1F2A2A38000B7D50 /* RangeSlider.swift in Sources */,
				3582B7A31F22AC2B00827A98 /* PlaceVO.swift in Sources */,
				35BC4F5A1F2DF6850039749B /* TripsViewController.swift in Sources */,
				35BC4F5F1F2E93130039749B /* DetailWebViewController.swift in Sources */,
				350F6CE11F36030400B924F8 /* TripsModel.swift in Sources */,
				22963F1C1F23CF25002E6A64 /* PlaceDetailsViewController.swift in Sources */,
				22963F1A1F23CDE5002E6A64 /* TripScheduledEvent.swift in Sources */,
				3582B7A51F22ADE300827A98 /* PlaceCoordsVO.swift in Sources */,
				350F6CE61F361D0700B924F8 /* LoadingViewController.swift in Sources */,
				3582B7A11F22AB9600827A98 /* TripVO.swift in Sources */,
				22E6141F1F2A2A40000B7D50 /* RangeSliderThumbLayer.swift in Sources */,
			);
			runOnlyForDeploymentPostprocessing = 0;
		};
/* End PBXSourcesBuildPhase section */

/* Begin PBXVariantGroup section */
		359222361F224F4200C64D6C /* Main.storyboard */ = {
			isa = PBXVariantGroup;
			children = (
				359222371F224F4200C64D6C /* Base */,
			);
			name = Main.storyboard;
			path = DeindeApp;
			sourceTree = "<group>";
		};
		3592223B1F224F4200C64D6C /* LaunchScreen.storyboard */ = {
			isa = PBXVariantGroup;
			children = (
				3592223C1F224F4200C64D6C /* Base */,
			);
			name = LaunchScreen.storyboard;
			path = DeindeApp;
			sourceTree = "<group>";
		};
/* End PBXVariantGroup section */

/* Begin XCBuildConfiguration section */
		3592223F1F224F4200C64D6C /* Debug */ = {
			isa = XCBuildConfiguration;
			buildSettings = {
				ALWAYS_SEARCH_USER_PATHS = NO;
				CLANG_ANALYZER_NONNULL = YES;
				CLANG_ANALYZER_NUMBER_OBJECT_CONVERSION = YES_AGGRESSIVE;
				CLANG_CXX_LANGUAGE_STANDARD = "gnu++0x";
				CLANG_CXX_LIBRARY = "libc++";
				CLANG_ENABLE_MODULES = YES;
				CLANG_ENABLE_OBJC_ARC = YES;
				CLANG_WARN_BOOL_CONVERSION = YES;
				CLANG_WARN_CONSTANT_CONVERSION = YES;
				CLANG_WARN_DIRECT_OBJC_ISA_USAGE = YES_ERROR;
				CLANG_WARN_DOCUMENTATION_COMMENTS = YES;
				CLANG_WARN_EMPTY_BODY = YES;
				CLANG_WARN_ENUM_CONVERSION = YES;
				CLANG_WARN_INFINITE_RECURSION = YES;
				CLANG_WARN_INT_CONVERSION = YES;
				CLANG_WARN_OBJC_ROOT_CLASS = YES_ERROR;
				CLANG_WARN_SUSPICIOUS_MOVE = YES;
				CLANG_WARN_UNREACHABLE_CODE = YES;
				CLANG_WARN__DUPLICATE_METHOD_MATCH = YES;
				"CODE_SIGN_IDENTITY[sdk=iphoneos*]" = "iPhone Developer";
				COPY_PHASE_STRIP = NO;
				DEBUG_INFORMATION_FORMAT = dwarf;
				ENABLE_STRICT_OBJC_MSGSEND = YES;
				ENABLE_TESTABILITY = YES;
				GCC_C_LANGUAGE_STANDARD = gnu99;
				GCC_DYNAMIC_NO_PIC = NO;
				GCC_NO_COMMON_BLOCKS = YES;
				GCC_OPTIMIZATION_LEVEL = 0;
				GCC_PREPROCESSOR_DEFINITIONS = (
					"DEBUG=1",
					"$(inherited)",
				);
				GCC_WARN_64_TO_32_BIT_CONVERSION = YES;
				GCC_WARN_ABOUT_RETURN_TYPE = YES_ERROR;
				GCC_WARN_UNDECLARED_SELECTOR = YES;
				GCC_WARN_UNINITIALIZED_AUTOS = YES_AGGRESSIVE;
				GCC_WARN_UNUSED_FUNCTION = YES;
				GCC_WARN_UNUSED_VARIABLE = YES;
				IPHONEOS_DEPLOYMENT_TARGET = 10.3;
				MTL_ENABLE_DEBUG_INFO = YES;
				ONLY_ACTIVE_ARCH = YES;
				SDKROOT = iphoneos;
				SWIFT_ACTIVE_COMPILATION_CONDITIONS = DEBUG;
				SWIFT_OPTIMIZATION_LEVEL = "-Onone";
				TARGETED_DEVICE_FAMILY = "1,2";
			};
			name = Debug;
		};
		359222401F224F4200C64D6C /* Release */ = {
			isa = XCBuildConfiguration;
			buildSettings = {
				ALWAYS_SEARCH_USER_PATHS = NO;
				CLANG_ANALYZER_NONNULL = YES;
				CLANG_ANALYZER_NUMBER_OBJECT_CONVERSION = YES_AGGRESSIVE;
				CLANG_CXX_LANGUAGE_STANDARD = "gnu++0x";
				CLANG_CXX_LIBRARY = "libc++";
				CLANG_ENABLE_MODULES = YES;
				CLANG_ENABLE_OBJC_ARC = YES;
				CLANG_WARN_BOOL_CONVERSION = YES;
				CLANG_WARN_CONSTANT_CONVERSION = YES;
				CLANG_WARN_DIRECT_OBJC_ISA_USAGE = YES_ERROR;
				CLANG_WARN_DOCUMENTATION_COMMENTS = YES;
				CLANG_WARN_EMPTY_BODY = YES;
				CLANG_WARN_ENUM_CONVERSION = YES;
				CLANG_WARN_INFINITE_RECURSION = YES;
				CLANG_WARN_INT_CONVERSION = YES;
				CLANG_WARN_OBJC_ROOT_CLASS = YES_ERROR;
				CLANG_WARN_SUSPICIOUS_MOVE = YES;
				CLANG_WARN_UNREACHABLE_CODE = YES;
				CLANG_WARN__DUPLICATE_METHOD_MATCH = YES;
				"CODE_SIGN_IDENTITY[sdk=iphoneos*]" = "iPhone Developer";
				COPY_PHASE_STRIP = NO;
				DEBUG_INFORMATION_FORMAT = "dwarf-with-dsym";
				ENABLE_NS_ASSERTIONS = NO;
				ENABLE_STRICT_OBJC_MSGSEND = YES;
				GCC_C_LANGUAGE_STANDARD = gnu99;
				GCC_NO_COMMON_BLOCKS = YES;
				GCC_WARN_64_TO_32_BIT_CONVERSION = YES;
				GCC_WARN_ABOUT_RETURN_TYPE = YES_ERROR;
				GCC_WARN_UNDECLARED_SELECTOR = YES;
				GCC_WARN_UNINITIALIZED_AUTOS = YES_AGGRESSIVE;
				GCC_WARN_UNUSED_FUNCTION = YES;
				GCC_WARN_UNUSED_VARIABLE = YES;
				IPHONEOS_DEPLOYMENT_TARGET = 10.3;
				MTL_ENABLE_DEBUG_INFO = NO;
				SDKROOT = iphoneos;
				SWIFT_OPTIMIZATION_LEVEL = "-Owholemodule";
				TARGETED_DEVICE_FAMILY = "1,2";
				VALIDATE_PRODUCT = YES;
			};
			name = Release;
		};
		359222421F224F4200C64D6C /* Debug */ = {
			isa = XCBuildConfiguration;
			baseConfigurationReference = 934039572AB9FB34940901B6 /* Pods-DeindeApp.debug.xcconfig */;
			buildSettings = {
				DEVELOPMENT_TEAM = 3398483R66;
				INFOPLIST_FILE = DeindeApp/Info.plist;
				IPHONEOS_DEPLOYMENT_TARGET = 9.0;
				LD_RUNPATH_SEARCH_PATHS = "$(inherited) @executable_path/Frameworks";
				PRODUCT_BUNDLE_IDENTIFIER = vladhamilton.DeindeApp;
				PRODUCT_NAME = "$(TARGET_NAME)";
				SWIFT_VERSION = 3.0;
			};
			name = Debug;
		};
		359222431F224F4200C64D6C /* Release */ = {
			isa = XCBuildConfiguration;
			baseConfigurationReference = F482B0F36CB433A3219B78C7 /* Pods-DeindeApp.release.xcconfig */;
			buildSettings = {
				DEVELOPMENT_TEAM = 3398483R66;
				INFOPLIST_FILE = DeindeApp/Info.plist;
				IPHONEOS_DEPLOYMENT_TARGET = 9.0;
				LD_RUNPATH_SEARCH_PATHS = "$(inherited) @executable_path/Frameworks";
				PRODUCT_BUNDLE_IDENTIFIER = vladhamilton.DeindeApp;
				PRODUCT_NAME = "$(TARGET_NAME)";
				SWIFT_VERSION = 3.0;
			};
			name = Release;
		};
/* End XCBuildConfiguration section */

/* Begin XCConfigurationList section */
		3592222A1F224F4200C64D6C /* Build configuration list for PBXProject "DeindeApp" */ = {
			isa = XCConfigurationList;
			buildConfigurations = (
				3592223F1F224F4200C64D6C /* Debug */,
				359222401F224F4200C64D6C /* Release */,
			);
			defaultConfigurationIsVisible = 0;
			defaultConfigurationName = Release;
		};
		359222411F224F4200C64D6C /* Build configuration list for PBXNativeTarget "DeindeApp" */ = {
			isa = XCConfigurationList;
			buildConfigurations = (
				359222421F224F4200C64D6C /* Debug */,
				359222431F224F4200C64D6C /* Release */,
			);
			defaultConfigurationIsVisible = 0;
			defaultConfigurationName = Release;
		};
/* End XCConfigurationList section */
	};
	rootObject = 359222271F224F4200C64D6C /* Project object */;
}
